{
    "name": "@kipling/chpter",
    "version": "0.0.6",
    "lockfileVersion": 2,
    "requires": true,
    "packages": {
        "": {
            "name": "@kipling/chpter",
            "version": "0.0.6",
            "hasInstallScript": true,
            "license": "MIT",
            "dependencies": {
                "degit": "^2.8.4",
                "fs": "^0.0.1-security"
            }
        },
        "node_modules/degit": {
            "version": "2.8.4",
            "resolved": "https://registry.npmjs.org/degit/-/degit-2.8.4.tgz",
            "integrity": "sha512-vqYuzmSA5I50J882jd+AbAhQtgK6bdKUJIex1JNfEUPENCgYsxugzKVZlFyMwV4i06MmnV47/Iqi5Io86zf3Ng==",
            "bin": {
                "degit": "degit"
            },
            "engines": {
                "node": ">=8.0.0"
            }
        },
        "node_modules/fs": {
            "version": "0.0.1-security",
            "resolved": "https://registry.npmjs.org/fs/-/fs-0.0.1-security.tgz",
            "integrity": "sha512-3XY9e1pP0CVEUCdj5BmfIZxRBTSDycnbqhIOGec9QYtmVH2fbLpj86CFWkrNOkt/Fvty4KZG5lTglL9j/gJ87w=="
        }
    },
    "dependencies": {
        "degit": {
            "version": "2.8.4",
            "resolved": "https://registry.npmjs.org/degit/-/degit-2.8.4.tgz",
            "integrity": "sha512-vqYuzmSA5I50J882jd+AbAhQtgK6bdKUJIex1JNfEUPENCgYsxugzKVZlFyMwV4i06MmnV47/Iqi5Io86zf3Ng=="
        },
        "fs": {
            "version": "0.0.1-security",
            "resolved": "https://registry.npmjs.org/fs/-/fs-0.0.1-security.tgz",
            "integrity": "sha512-3XY9e1pP0CVEUCdj5BmfIZxRBTSDycnbqhIOGec9QYtmVH2fbLpj86CFWkrNOkt/Fvty4KZG5lTglL9j/gJ87w=="
        }
    }
}
